<?xml version="1.0" encoding="utf-8"?>
<Project ToolsVersion="4.0" xmlns="http://schemas.microsoft.com/developer/msbuild/2003">
  <ItemGroup>
    <Filter Include="Source Files">
      <UniqueIdentifier>{4FC737F1-C7A5-4376-A066-2A32D752A2FF}</UniqueIdentifier>
      <Extensions>cpp;c;cc;cxx;def;odl;idl;hpj;bat;asm;asmx</Extensions>
    </Filter>
    <Filter Include="Header Files">
      <UniqueIdentifier>{93995380-89BD-4b04-88EB-625FBE52EBFB}</UniqueIdentifier>
      <Extensions>h;hh;hpp;hxx;hm;inl;inc;ipp;xsd</Extensions>
    </Filter>
    <Filter Include="Resource Files">
      <UniqueIdentifier>{67DA6AB6-F800-4c08-8B7A-83BB121AAD01}</UniqueIdentifier>
      <Extensions>rc;ico;cur;bmp;dlg;rc2;rct;bin;rgs;gif;jpg;jpeg;jpe;resx;tiff;tif;png;wav;mfcribbon-ms</Extensions>
    </Filter>
  </ItemGroup>
  <ItemGroup>
    <ClCompile Include="Trabalho POO.cpp">
      <Filter>Source Files</Filter>
    </ClCompile>
    <ClCompile Include="Territorio.cpp">
      <Filter>Source Files</Filter>
    </ClCompile>
    <ClCompile Include="Mundo.cpp">
      <Filter>Source Files</Filter>
    </ClCompile>
    <ClCompile Include="Menu.cpp">
      <Filter>Source Files</Filter>
    </ClCompile>
    <ClCompile Include="Imperio.cpp">
      <Filter>Source Files</Filter>
    </ClCompile>
    <ClCompile Include="Armazem.cpp">
      <Filter>Source Files</Filter>
    </ClCompile>
    <ClCompile Include="App.cpp">
      <Filter>Source Files</Filter>
    </ClCompile>
    <ClCompile Include="TerritorioInicial.cpp">
      <Filter>Source Files</Filter>
    </ClCompile>
    <ClCompile Include="Continente.cpp">
      <Filter>Source Files</Filter>
    </ClCompile>
    <ClCompile Include="Ilha.cpp">
      <Filter>Source Files</Filter>
    </ClCompile>
    <ClCompile Include="Planicie.cpp">
      <Filter>Source Files</Filter>
    </ClCompile>
    <ClCompile Include="Montanha.cpp">
      <Filter>Source Files</Filter>
    </ClCompile>
    <ClCompile Include="Fortaleza.cpp">
      <Filter>Source Files</Filter>
    </ClCompile>
    <ClCompile Include="Mina.cpp">
      <Filter>Source Files</Filter>
    </ClCompile>
    <ClCompile Include="Duna.cpp">
      <Filter>Source Files</Filter>
    </ClCompile>
    <ClCompile Include="Castelo.cpp">
      <Filter>Source Files</Filter>
    </ClCompile>
    <ClCompile Include="Refugio.cpp">
      <Filter>Source Files</Filter>
    </ClCompile>
    <ClCompile Include="Pescaria.cpp">
      <Filter>Source Files</Filter>
    </ClCompile>
    <ClCompile Include="Tecnologias.cpp">
      <Filter>Source Files</Filter>
    </ClCompile>
    <ClCompile Include="DronesMilitares.cpp">
      <Filter>Source Files</Filter>
    </ClCompile>
    <ClCompile Include="MisseisTeleguiados.cpp">
      <Filter>Source Files</Filter>
    </ClCompile>
    <ClCompile Include="DefesasTerritoriais.cpp">
      <Filter>Source Files</Filter>
    </ClCompile>
    <ClCompile Include="BolsaDeValores.cpp">
      <Filter>Source Files</Filter>
    </ClCompile>
    <ClCompile Include="BancoCentral.cpp">
      <Filter>Source Files</Filter>
    </ClCompile>
    <ClCompile Include="GameState.cpp">
      <Filter>Source Files</Filter>
    </ClCompile>
    <ClCompile Include="Eventos.cpp">
      <Filter>Source Files</Filter>
    </ClCompile>
    <ClCompile Include="RecursoAbandonado.cpp">
      <Filter>Source Files</Filter>
    </ClCompile>
    <ClCompile Include="Invasao.cpp">
      <Filter>Source Files</Filter>
    </ClCompile>
    <ClCompile Include="AliancaDiplomatica.cpp">
      <Filter>Source Files</Filter>
    </ClCompile>
  </ItemGroup>
  <ItemGroup>
    <ClInclude Include="Territorio.h">
      <Filter>Header Files</Filter>
    </ClInclude>
    <ClInclude Include="Mundo.h">
      <Filter>Header Files</Filter>
    </ClInclude>
    <ClInclude Include="Menu.h">
      <Filter>Header Files</Filter>
    </ClInclude>
    <ClInclude Include="Imperio.h">
      <Filter>Header Files</Filter>
    </ClInclude>
    <ClInclude Include="Armazem.h">
      <Filter>Header Files</Filter>
    </ClInclude>
    <ClInclude Include="App.h">
      <Filter>Header Files</Filter>
    </ClInclude>
    <ClInclude Include="TerritorioInicial.h">
      <Filter>Header Files</Filter>
    </ClInclude>
    <ClInclude Include="Continente.h">
      <Filter>Header Files</Filter>
    </ClInclude>
    <ClInclude Include="Ilha.h">
      <Filter>Header Files</Filter>
    </ClInclude>
    <ClInclude Include="Planicie.h">
      <Filter>Header Files</Filter>
    </ClInclude>
    <ClInclude Include="Montanha.h">
      <Filter>Header Files</Filter>
    </ClInclude>
    <ClInclude Include="Fortaleza.h">
      <Filter>Header Files</Filter>
    </ClInclude>
    <ClInclude Include="Mina.h">
      <Filter>Header Files</Filter>
    </ClInclude>
    <ClInclude Include="Duna.h">
      <Filter>Header Files</Filter>
    </ClInclude>
    <ClInclude Include="Castelo.h">
      <Filter>Header Files</Filter>
    </ClInclude>
    <ClInclude Include="Refugio.h">
      <Filter>Header Files</Filter>
    </ClInclude>
    <ClInclude Include="Pescaria.h">
      <Filter>Header Files</Filter>
    </ClInclude>
    <ClInclude Include="Tecnologias.h">
      <Filter>Header Files</Filter>
    </ClInclude>
    <ClInclude Include="DronesMilitares.h">
      <Filter>Header Files</Filter>
    </ClInclude>
    <ClInclude Include="MisseisTeleguiados.h">
      <Filter>Header Files</Filter>
    </ClInclude>
    <ClInclude Include="DefesasTerritoriais.h">
      <Filter>Header Files</Filter>
    </ClInclude>
    <ClInclude Include="BolsaDeValores.h">
      <Filter>Header Files</Filter>
    </ClInclude>
    <ClInclude Include="BancoCentral.h">
      <Filter>Header Files</Filter>
    </ClInclude>
    <ClInclude Include="GameState.h">
      <Filter>Header Files</Filter>
    </ClInclude>
    <ClInclude Include="Eventos.h">
      <Filter>Header Files</Filter>
    </ClInclude>
    <ClInclude Include="RecursoAbandonado.h">
      <Filter>Header Files</Filter>
    </ClInclude>
    <ClInclude Include="Invasao.h">
      <Filter>Header Files</Filter>
    </ClInclude>
    <ClInclude Include="AliancaDiplomatica.h">
      <Filter>Header Files</Filter>
    </ClInclude>
  </ItemGroup>
</Project>